
Microsoft Visual Studio Solution File, Format Version 12.00
# Visual Studio Version 17
VisualStudioVersion = 17.7.34031.279
MinimumVisualStudioVersion = 10.0.40219.1
Project("{FAE04EC0-301F-11D3-BF4B-00C04F79EFBC}") = "ZeroHunger2023", "ZeroHunger2023\ZeroHunger2023.csproj", "{1314141E-4CE6-42F3-B446-795FAF510999}"
EndProject
Global
	GlobalSection(SolutionConfigurationPlatforms) = preSolution
		Debug|Any CPU = Debug|Any CPU
		Release|Any CPU = Release|Any CPU
	EndGlobalSection
	GlobalSection(ProjectConfigurationPlatforms) = postSolution
		{1314141E-4CE6-42F3-B446-795FAF510999}.Debug|Any CPU.ActiveCfg = Debug|Any CPU
		{1314141E-4CE6-42F3-B446-795FAF510999}.Debug|Any CPU.Build.0 = Debug|Any CPU
		{1314141E-4CE6-42F3-B446-795FAF510999}.Release|Any CPU.ActiveCfg = Release|Any CPU
		{1314141E-4CE6-42F3-B446-795FAF510999}.Release|Any CPU.Build.0 = Release|Any CPU
	EndGlobalSection
	GlobalSection(SolutionProperties) = preSolution
		HideSolutionNode = FALSE
	EndGlobalSection
	GlobalSection(ExtensibilityGlobals) = postSolution
		SolutionGuid = {911F2285-463A-47CC-83BA-50E9777C7381}
	EndGlobalSection
EndGlobal
